
Microsoft Visual Studio Solution File, Format Version 12.00
# Visual Studio 2013
VisualStudioVersion = 12.0.30110.0
MinimumVisualStudioVersion = 10.0.40219.1
Project("{FAE04EC0-301F-11D3-BF4B-00C04F79EFBC}") = "RMS.Agent.BSL.AutoUpate", "RMS.Agent.BSL.AutoUpate\RMS.Agent.BSL.AutoUpate.csproj", "{47DDFB94-82D2-4BCA-8207-A3312F8B2F4E}"
EndProject
Project("{FAE04EC0-301F-11D3-BF4B-00C04F79EFBC}") = "RMS.Agent.BSL.RemoteCommand", "RMS.Agent.BSL.RemoteCommand\RMS.Agent.BSL.RemoteCommand.csproj", "{8F5227C7-42A5-4A56-8DAC-7227F52803C5}"
EndProject
Project("{FAE04EC0-301F-11D3-BF4B-00C04F79EFBC}") = "RMS.Agent.BSL.Monitoring", "RMS.Agent.BSL.Monitoring\RMS.Agent.BSL.Monitoring.csproj", "{20CF9B66-1C90-4A26-A143-FD66E29B77DB}"
EndProject
Project("{FAE04EC0-301F-11D3-BF4B-00C04F79EFBC}") = "RMS.Agent.WCF", "RMS.Agent.WCF\RMS.Agent.WCF.csproj", "{CA0D0326-631D-4E23-9D00-6B00AB535A8F}"
EndProject
Project("{FAE04EC0-301F-11D3-BF4B-00C04F79EFBC}") = "RMS.Agent.WPF", "RMS.Agent.WPF\RMS.Agent.WPF.csproj", "{3EA9B913-982F-487B-ABCC-E7FF95C26AB3}"
EndProject
Project("{FAE04EC0-301F-11D3-BF4B-00C04F79EFBC}") = "Test.ConsoleApplication", "Test.ConsoleApplicatoin\Test.ConsoleApplication.csproj", "{5FAE681A-374F-4889-9B18-0CEFE3890C0E}"
	ProjectSection(ProjectDependencies) = postProject
		{55DE9DC6-2ABA-4F31-A456-E0DE6873763C} = {55DE9DC6-2ABA-4F31-A456-E0DE6873763C}
	EndProjectSection
EndProject
Project("{FAE04EC0-301F-11D3-BF4B-00C04F79EFBC}") = "Test.WindowsApplication", "Test.WindowsApplication\Test.WindowsApplication.csproj", "{C094AFA4-6FB1-46DE-B94B-BF631E9FDD34}"
EndProject
Project("{FAE04EC0-301F-11D3-BF4B-00C04F79EFBC}") = "RMS.Agent.Entity", "RMS.Agent.Entity\RMS.Agent.Entity.csproj", "{F63949C0-3F8D-4508-92C9-980C2DB5C15C}"
EndProject
Project("{FAE04EC0-301F-11D3-BF4B-00C04F79EFBC}") = "RMS.Monitoring.Core", "RMS.Monitoring.Core\RMS.Monitoring.Core.csproj", "{1DC3D83B-EFB1-4349-A024-3D6E1E07DD58}"
EndProject
Project("{2150E333-8FDC-42A3-9474-1A3956D46DE8}") = "Agent", "Agent", "{0CB4F403-D49C-4E80-8298-14F67CDED51D}"
EndProject
Project("{2150E333-8FDC-42A3-9474-1A3956D46DE8}") = "Monitoring Service", "Monitoring Service", "{72EA0387-081E-4E8F-A76E-1F2B0C827250}"
EndProject
Project("{FAE04EC0-301F-11D3-BF4B-00C04F79EFBC}") = "RMS.Monitoring.Device.Printer", "RMS.Monitoring.Device.Printer\RMS.Monitoring.Device.Printer.csproj", "{173696D8-409D-4348-9270-C1EBFA2D7EFE}"
EndProject
Project("{FAE04EC0-301F-11D3-BF4B-00C04F79EFBC}") = "RMS.Monitoring.Device", "RMS.Monitoring.Device\RMS.Monitoring.Device.csproj", "{BA999F8E-4F2B-443A-B59A-F8F82C4D9103}"
EndProject
Project("{FAE04EC0-301F-11D3-BF4B-00C04F79EFBC}") = "RMS.Monitoring.Device.Scanner", "RMS.Monitoring.Device.Scanner\RMS.Monitoring.Device.Scanner.csproj", "{DD5F2039-2C76-4089-B843-AF59699D262F}"
EndProject
Project("{FAE04EC0-301F-11D3-BF4B-00C04F79EFBC}") = "RMS.Monitoring.Device.WebCamera", "RMS.Monitoring.Device.WebCamera\RMS.Monitoring.Device.WebCamera.csproj", "{D77923D6-3238-4A20-9993-0C3113ACBDD2}"
EndProject
Project("{FAE04EC0-301F-11D3-BF4B-00C04F79EFBC}") = "RMS.Monitoring.Device.PerformanceCounter", "RMS.Monitoring.Device.PerformanceCounter\RMS.Monitoring.Device.PerformanceCounter.csproj", "{12CE7DC2-4306-4299-AF08-BE3394BDBED8}"
EndProject
Project("{FAE04EC0-301F-11D3-BF4B-00C04F79EFBC}") = "RMS.Monitoring.Device.SignaturePad", "RMS.Monitoring.Device.SignaturePad\RMS.Monitoring.Device.SignaturePad.csproj", "{34D65D72-C1A0-4825-93D4-F1A9C568DBFC}"
EndProject
Project("{FAE04EC0-301F-11D3-BF4B-00C04F79EFBC}") = "RMS.Monitoring.Device.SmartCardReader", "RMS.Monitoring.Device.SmartCardReader\RMS.Monitoring.Device.SmartCardReader.csproj", "{61FECBBA-1F7A-4FF7-972C-8487CA208B0E}"
EndProject
Project("{FAE04EC0-301F-11D3-BF4B-00C04F79EFBC}") = "RMS.Centralize.WebService", "RMS.Centralize.WebService\RMS.Centralize.WebService.csproj", "{55DE9DC6-2ABA-4F31-A456-E0DE6873763C}"
EndProject
Project("{FAE04EC0-301F-11D3-BF4B-00C04F79EFBC}") = "RMS.Centralize.DAL", "RMS.Centralize.DAL\RMS.Centralize.DAL.csproj", "{9423B0B0-CB3A-4C5A-AB94-ECBA517A303F}"
EndProject
Project("{FAE04EC0-301F-11D3-BF4B-00C04F79EFBC}") = "RMS.Centralize.Website", "RMS.Centralize.Website\RMS.Centralize.Website.csproj", "{BD2326EF-D0F7-450E-8285-D360485246DC}"
	ProjectSection(ProjectDependencies) = postProject
		{55DE9DC6-2ABA-4F31-A456-E0DE6873763C} = {55DE9DC6-2ABA-4F31-A456-E0DE6873763C}
	EndProjectSection
EndProject
Project("{FAE04EC0-301F-11D3-BF4B-00C04F79EFBC}") = "RMS.Centralize.WebSite.Proxy", "RMS.Centralize.WebSite.Proxy\RMS.Centralize.WebSite.Proxy.csproj", "{499DE468-4E59-4C42-91E2-F2A0070131B0}"
	ProjectSection(ProjectDependencies) = postProject
		{55DE9DC6-2ABA-4F31-A456-E0DE6873763C} = {55DE9DC6-2ABA-4F31-A456-E0DE6873763C}
	EndProjectSection
EndProject
Global
	GlobalSection(SolutionConfigurationPlatforms) = preSolution
		Debug|Any CPU = Debug|Any CPU
		Release|Any CPU = Release|Any CPU
	EndGlobalSection
	GlobalSection(ProjectConfigurationPlatforms) = postSolution
		{47DDFB94-82D2-4BCA-8207-A3312F8B2F4E}.Debug|Any CPU.ActiveCfg = Debug|Any CPU
		{47DDFB94-82D2-4BCA-8207-A3312F8B2F4E}.Debug|Any CPU.Build.0 = Debug|Any CPU
		{47DDFB94-82D2-4BCA-8207-A3312F8B2F4E}.Release|Any CPU.ActiveCfg = Release|Any CPU
		{47DDFB94-82D2-4BCA-8207-A3312F8B2F4E}.Release|Any CPU.Build.0 = Release|Any CPU
		{8F5227C7-42A5-4A56-8DAC-7227F52803C5}.Debug|Any CPU.ActiveCfg = Debug|Any CPU
		{8F5227C7-42A5-4A56-8DAC-7227F52803C5}.Debug|Any CPU.Build.0 = Debug|Any CPU
		{8F5227C7-42A5-4A56-8DAC-7227F52803C5}.Release|Any CPU.ActiveCfg = Release|Any CPU
		{8F5227C7-42A5-4A56-8DAC-7227F52803C5}.Release|Any CPU.Build.0 = Release|Any CPU
		{20CF9B66-1C90-4A26-A143-FD66E29B77DB}.Debug|Any CPU.ActiveCfg = Debug|Any CPU
		{20CF9B66-1C90-4A26-A143-FD66E29B77DB}.Debug|Any CPU.Build.0 = Debug|Any CPU
		{20CF9B66-1C90-4A26-A143-FD66E29B77DB}.Release|Any CPU.ActiveCfg = Release|Any CPU
		{20CF9B66-1C90-4A26-A143-FD66E29B77DB}.Release|Any CPU.Build.0 = Release|Any CPU
		{CA0D0326-631D-4E23-9D00-6B00AB535A8F}.Debug|Any CPU.ActiveCfg = Debug|Any CPU
		{CA0D0326-631D-4E23-9D00-6B00AB535A8F}.Debug|Any CPU.Build.0 = Debug|Any CPU
		{CA0D0326-631D-4E23-9D00-6B00AB535A8F}.Release|Any CPU.ActiveCfg = Release|Any CPU
		{CA0D0326-631D-4E23-9D00-6B00AB535A8F}.Release|Any CPU.Build.0 = Release|Any CPU
		{3EA9B913-982F-487B-ABCC-E7FF95C26AB3}.Debug|Any CPU.ActiveCfg = Debug|Any CPU
		{3EA9B913-982F-487B-ABCC-E7FF95C26AB3}.Debug|Any CPU.Build.0 = Debug|Any CPU
		{3EA9B913-982F-487B-ABCC-E7FF95C26AB3}.Release|Any CPU.ActiveCfg = Release|Any CPU
		{3EA9B913-982F-487B-ABCC-E7FF95C26AB3}.Release|Any CPU.Build.0 = Release|Any CPU
		{5FAE681A-374F-4889-9B18-0CEFE3890C0E}.Debug|Any CPU.ActiveCfg = Debug|Any CPU
		{5FAE681A-374F-4889-9B18-0CEFE3890C0E}.Debug|Any CPU.Build.0 = Debug|Any CPU
		{5FAE681A-374F-4889-9B18-0CEFE3890C0E}.Release|Any CPU.ActiveCfg = Release|Any CPU
		{5FAE681A-374F-4889-9B18-0CEFE3890C0E}.Release|Any CPU.Build.0 = Release|Any CPU
		{C094AFA4-6FB1-46DE-B94B-BF631E9FDD34}.Debug|Any CPU.ActiveCfg = Debug|Any CPU
		{C094AFA4-6FB1-46DE-B94B-BF631E9FDD34}.Debug|Any CPU.Build.0 = Debug|Any CPU
		{C094AFA4-6FB1-46DE-B94B-BF631E9FDD34}.Release|Any CPU.ActiveCfg = Release|Any CPU
		{C094AFA4-6FB1-46DE-B94B-BF631E9FDD34}.Release|Any CPU.Build.0 = Release|Any CPU
		{F63949C0-3F8D-4508-92C9-980C2DB5C15C}.Debug|Any CPU.ActiveCfg = Debug|Any CPU
		{F63949C0-3F8D-4508-92C9-980C2DB5C15C}.Debug|Any CPU.Build.0 = Debug|Any CPU
		{F63949C0-3F8D-4508-92C9-980C2DB5C15C}.Release|Any CPU.ActiveCfg = Release|Any CPU
		{F63949C0-3F8D-4508-92C9-980C2DB5C15C}.Release|Any CPU.Build.0 = Release|Any CPU
		{1DC3D83B-EFB1-4349-A024-3D6E1E07DD58}.Debug|Any CPU.ActiveCfg = Debug|Any CPU
		{1DC3D83B-EFB1-4349-A024-3D6E1E07DD58}.Debug|Any CPU.Build.0 = Debug|Any CPU
		{1DC3D83B-EFB1-4349-A024-3D6E1E07DD58}.Release|Any CPU.ActiveCfg = Release|Any CPU
		{1DC3D83B-EFB1-4349-A024-3D6E1E07DD58}.Release|Any CPU.Build.0 = Release|Any CPU
		{173696D8-409D-4348-9270-C1EBFA2D7EFE}.Debug|Any CPU.ActiveCfg = Debug|Any CPU
		{173696D8-409D-4348-9270-C1EBFA2D7EFE}.Debug|Any CPU.Build.0 = Debug|Any CPU
		{173696D8-409D-4348-9270-C1EBFA2D7EFE}.Release|Any CPU.ActiveCfg = Release|Any CPU
		{173696D8-409D-4348-9270-C1EBFA2D7EFE}.Release|Any CPU.Build.0 = Release|Any CPU
		{BA999F8E-4F2B-443A-B59A-F8F82C4D9103}.Debug|Any CPU.ActiveCfg = Debug|Any CPU
		{BA999F8E-4F2B-443A-B59A-F8F82C4D9103}.Debug|Any CPU.Build.0 = Debug|Any CPU
		{BA999F8E-4F2B-443A-B59A-F8F82C4D9103}.Release|Any CPU.ActiveCfg = Release|Any CPU
		{BA999F8E-4F2B-443A-B59A-F8F82C4D9103}.Release|Any CPU.Build.0 = Release|Any CPU
		{DD5F2039-2C76-4089-B843-AF59699D262F}.Debug|Any CPU.ActiveCfg = Debug|Any CPU
		{DD5F2039-2C76-4089-B843-AF59699D262F}.Debug|Any CPU.Build.0 = Debug|Any CPU
		{DD5F2039-2C76-4089-B843-AF59699D262F}.Release|Any CPU.ActiveCfg = Release|Any CPU
		{DD5F2039-2C76-4089-B843-AF59699D262F}.Release|Any CPU.Build.0 = Release|Any CPU
		{D77923D6-3238-4A20-9993-0C3113ACBDD2}.Debug|Any CPU.ActiveCfg = Debug|Any CPU
		{D77923D6-3238-4A20-9993-0C3113ACBDD2}.Debug|Any CPU.Build.0 = Debug|Any CPU
		{D77923D6-3238-4A20-9993-0C3113ACBDD2}.Release|Any CPU.ActiveCfg = Release|Any CPU
		{D77923D6-3238-4A20-9993-0C3113ACBDD2}.Release|Any CPU.Build.0 = Release|Any CPU
		{12CE7DC2-4306-4299-AF08-BE3394BDBED8}.Debug|Any CPU.ActiveCfg = Debug|Any CPU
		{12CE7DC2-4306-4299-AF08-BE3394BDBED8}.Debug|Any CPU.Build.0 = Debug|Any CPU
		{12CE7DC2-4306-4299-AF08-BE3394BDBED8}.Release|Any CPU.ActiveCfg = Release|Any CPU
		{12CE7DC2-4306-4299-AF08-BE3394BDBED8}.Release|Any CPU.Build.0 = Release|Any CPU
		{34D65D72-C1A0-4825-93D4-F1A9C568DBFC}.Debug|Any CPU.ActiveCfg = Debug|Any CPU
		{34D65D72-C1A0-4825-93D4-F1A9C568DBFC}.Debug|Any CPU.Build.0 = Debug|Any CPU
		{34D65D72-C1A0-4825-93D4-F1A9C568DBFC}.Release|Any CPU.ActiveCfg = Release|Any CPU
		{34D65D72-C1A0-4825-93D4-F1A9C568DBFC}.Release|Any CPU.Build.0 = Release|Any CPU
		{61FECBBA-1F7A-4FF7-972C-8487CA208B0E}.Debug|Any CPU.ActiveCfg = Debug|Any CPU
		{61FECBBA-1F7A-4FF7-972C-8487CA208B0E}.Debug|Any CPU.Build.0 = Debug|Any CPU
		{61FECBBA-1F7A-4FF7-972C-8487CA208B0E}.Release|Any CPU.ActiveCfg = Release|Any CPU
		{61FECBBA-1F7A-4FF7-972C-8487CA208B0E}.Release|Any CPU.Build.0 = Release|Any CPU
		{55DE9DC6-2ABA-4F31-A456-E0DE6873763C}.Debug|Any CPU.ActiveCfg = Debug|Any CPU
		{55DE9DC6-2ABA-4F31-A456-E0DE6873763C}.Debug|Any CPU.Build.0 = Debug|Any CPU
		{55DE9DC6-2ABA-4F31-A456-E0DE6873763C}.Release|Any CPU.ActiveCfg = Release|Any CPU
		{55DE9DC6-2ABA-4F31-A456-E0DE6873763C}.Release|Any CPU.Build.0 = Release|Any CPU
		{9423B0B0-CB3A-4C5A-AB94-ECBA517A303F}.Debug|Any CPU.ActiveCfg = Debug|Any CPU
		{9423B0B0-CB3A-4C5A-AB94-ECBA517A303F}.Debug|Any CPU.Build.0 = Debug|Any CPU
		{9423B0B0-CB3A-4C5A-AB94-ECBA517A303F}.Release|Any CPU.ActiveCfg = Release|Any CPU
		{9423B0B0-CB3A-4C5A-AB94-ECBA517A303F}.Release|Any CPU.Build.0 = Release|Any CPU
		{BD2326EF-D0F7-450E-8285-D360485246DC}.Debug|Any CPU.ActiveCfg = Debug|Any CPU
		{BD2326EF-D0F7-450E-8285-D360485246DC}.Debug|Any CPU.Build.0 = Debug|Any CPU
		{BD2326EF-D0F7-450E-8285-D360485246DC}.Release|Any CPU.ActiveCfg = Release|Any CPU
		{BD2326EF-D0F7-450E-8285-D360485246DC}.Release|Any CPU.Build.0 = Release|Any CPU
		{499DE468-4E59-4C42-91E2-F2A0070131B0}.Debug|Any CPU.ActiveCfg = Debug|Any CPU
		{499DE468-4E59-4C42-91E2-F2A0070131B0}.Debug|Any CPU.Build.0 = Debug|Any CPU
		{499DE468-4E59-4C42-91E2-F2A0070131B0}.Release|Any CPU.ActiveCfg = Release|Any CPU
		{499DE468-4E59-4C42-91E2-F2A0070131B0}.Release|Any CPU.Build.0 = Release|Any CPU
	EndGlobalSection
	GlobalSection(SolutionProperties) = preSolution
		HideSolutionNode = FALSE
	EndGlobalSection
	GlobalSection(NestedProjects) = preSolution
		{8F5227C7-42A5-4A56-8DAC-7227F52803C5} = {0CB4F403-D49C-4E80-8298-14F67CDED51D}
		{20CF9B66-1C90-4A26-A143-FD66E29B77DB} = {0CB4F403-D49C-4E80-8298-14F67CDED51D}
		{CA0D0326-631D-4E23-9D00-6B00AB535A8F} = {0CB4F403-D49C-4E80-8298-14F67CDED51D}
		{3EA9B913-982F-487B-ABCC-E7FF95C26AB3} = {0CB4F403-D49C-4E80-8298-14F67CDED51D}
		{F63949C0-3F8D-4508-92C9-980C2DB5C15C} = {0CB4F403-D49C-4E80-8298-14F67CDED51D}
		{47DDFB94-82D2-4BCA-8207-A3312F8B2F4E} = {0CB4F403-D49C-4E80-8298-14F67CDED51D}
		{1DC3D83B-EFB1-4349-A024-3D6E1E07DD58} = {72EA0387-081E-4E8F-A76E-1F2B0C827250}
		{173696D8-409D-4348-9270-C1EBFA2D7EFE} = {72EA0387-081E-4E8F-A76E-1F2B0C827250}
		{BA999F8E-4F2B-443A-B59A-F8F82C4D9103} = {72EA0387-081E-4E8F-A76E-1F2B0C827250}
		{DD5F2039-2C76-4089-B843-AF59699D262F} = {72EA0387-081E-4E8F-A76E-1F2B0C827250}
		{D77923D6-3238-4A20-9993-0C3113ACBDD2} = {72EA0387-081E-4E8F-A76E-1F2B0C827250}
		{12CE7DC2-4306-4299-AF08-BE3394BDBED8} = {72EA0387-081E-4E8F-A76E-1F2B0C827250}
		{34D65D72-C1A0-4825-93D4-F1A9C568DBFC} = {72EA0387-081E-4E8F-A76E-1F2B0C827250}
		{61FECBBA-1F7A-4FF7-972C-8487CA208B0E} = {72EA0387-081E-4E8F-A76E-1F2B0C827250}
	EndGlobalSection
EndGlobal
